version: 6
environments:
  default:
    channels:
    - url: https://conda.anaconda.org/conda-forge/
    packages:
      osx-arm64:
      - conda: https://conda.anaconda.org/conda-forge/osx-arm64/_go_select-2.3.0-cgo.tar.bz2
      - conda: https://conda.anaconda.org/conda-forge/osx-arm64/go-1.25.4-h56ed88c_0.conda
      - conda: https://conda.anaconda.org/conda-forge/osx-arm64/libcxx-21.1.5-hf598326_0.conda
      - conda: https://conda.anaconda.org/conda-forge/osx-arm64/libgfortran-15.2.0-hfcf01ff_1.conda
      - conda: https://conda.anaconda.org/conda-forge/osx-arm64/libgfortran5-15.2.0-h742603c_1.conda
      - conda: https://conda.anaconda.org/conda-forge/osx-arm64/llvm-openmp-21.1.5-h4a912ad_2.conda
packages:
- conda: https://conda.anaconda.org/conda-forge/osx-arm64/_go_select-2.3.0-cgo.tar.bz2
  sha256: 5cd5dd9817d0d671ad3e2f85c967b4dcd1a297a686b7d5820e625e2f4f962558
  md5: 79a39651abfce773c2948175d9b62986
  license: BSD-3-Clause
  license_family: BSD
  size: 5074
  timestamp: 1627073534014
- conda: https://conda.anaconda.org/conda-forge/osx-arm64/go-1.25.4-h56ed88c_0.conda
  sha256: acce8041344fb9a7c0e23b78845676965b75443bd0d31913d7f1cc1fbef08633
  md5: 6c23dd8f5311971918fd37162e9065e0
  depends:
  - __osx >=12.3
  - _go_select 2.3.0 cgo
  - libcxx >=19
  - libgfortran
  - libgfortran5 >=14.3.0
  constrains:
  - gfortran_osx-arm64 14.*
  - clangxx_osx-arm64 19.*
  - clang_osx-arm64 19.*
  license: BSD-3-Clause
  license_family: BSD
  size: 70041856
  timestamp: 1762376835878
- conda: https://conda.anaconda.org/conda-forge/osx-arm64/libcxx-21.1.5-hf598326_0.conda
  sha256: cb441b85669eec99a593f59e6bb18c1d8a46d13eebadfc6a55f0b298109bf510
  md5: fbfdbf6e554275d2661c4541f45fed53
  depends:
  - __osx >=11.0
  license: Apache-2.0 WITH LLVM-exception
  license_family: Apache
  size: 569449
  timestamp: 1762258167196
- conda: https://conda.anaconda.org/conda-forge/osx-arm64/libgfortran-15.2.0-hfcf01ff_1.conda
  sha256: e9a5d1208b9dc0b576b35a484d527d9b746c4e65620e0d77c44636033b2245f0
  md5: f699348e3f4f924728e33551b1920f79
  depends:
  - libgfortran5 15.2.0 h742603c_1
  license: GPL-3.0-only WITH GCC-exception-3.1
  license_family: GPL
  size: 134016
  timestamp: 1759712902814
- conda: https://conda.anaconda.org/conda-forge/osx-arm64/libgfortran5-15.2.0-h742603c_1.conda
  sha256: 18808697013a625ca876eeee3d86ee5b656f17c391eca4a4bc70867717cc5246
  md5: afccf412b03ce2f309f875ff88419173
  depends:
  - llvm-openmp >=8.0.0
  constrains:
  - libgfortran 15.2.0
  license: GPL-3.0-only WITH GCC-exception-3.1
  license_family: GPL
  size: 764028
  timestamp: 1759712189275
- conda: https://conda.anaconda.org/conda-forge/osx-arm64/llvm-openmp-21.1.5-h4a912ad_2.conda
  sha256: 38c5afe67f7e982b5a1c53a02ada948cf903ff5680f08f320f4334003f80a005
  md5: 3f8e66ee981067a7fff0c6855ff29f77
  depends:
  - __osx >=11.0
  constrains:
  - openmp 21.1.5|21.1.5.*
  - intel-openmp <0.0a0
  license: Apache-2.0 WITH LLVM-exception
  license_family: APACHE
  size: 285942
  timestamp: 1763095107736
